// !$*UTF8*$!
{
	archiveVersion = 1;
	classes = {
	};
	objectVersion = 56;
	objects = {

/* Begin PBXBuildFile section */
		8633C8542A7F1EE600E2652A /* CurrentUser.swift in Sources */ = {isa = PBXBuildFile; fileRef = 8633C8532A7F1EE600E2652A /* CurrentUser.swift */; };
		8633C8562A7F249800E2652A /* VideoMasterDocViewController.swift in Sources */ = {isa = PBXBuildFile; fileRef = 8633C8552A7F249800E2652A /* VideoMasterDocViewController.swift */; };
		8642969F2A71CF560009C217 /* Model.swift in Sources */ = {isa = PBXBuildFile; fileRef = 8642969E2A71CF560009C217 /* Model.swift */; };
		864296A12A71CF8B0009C217 /* Environment.json in Resources */ = {isa = PBXBuildFile; fileRef = 864296A02A71CF8B0009C217 /* Environment.json */; };
		864296A32A71CF9D0009C217 /* Environment.swift in Sources */ = {isa = PBXBuildFile; fileRef = 864296A22A71CF9D0009C217 /* Environment.swift */; };
		864296AE2A71EA060009C217 /* Main.storyboard in Resources */ = {isa = PBXBuildFile; fileRef = 864296AA2A71EA060009C217 /* Main.storyboard */; };
		864296AF2A71EA060009C217 /* LaunchScreen.storyboard in Resources */ = {isa = PBXBuildFile; fileRef = 864296AC2A71EA060009C217 /* LaunchScreen.storyboard */; };
		864296B12A756AF00009C217 /* TeamViewController.swift in Sources */ = {isa = PBXBuildFile; fileRef = 864296B02A756AF00009C217 /* TeamViewController.swift */; };
		864296B32A75DCC00009C217 /* UpcomingVideoViewController.swift in Sources */ = {isa = PBXBuildFile; fileRef = 864296B22A75DCC00009C217 /* UpcomingVideoViewController.swift */; };
		864296B52A75DCD10009C217 /* AddVideoViewController.swift in Sources */ = {isa = PBXBuildFile; fileRef = 864296B42A75DCD10009C217 /* AddVideoViewController.swift */; };
		864296B72A75DCDD0009C217 /* VideoReviewViewController.swift in Sources */ = {isa = PBXBuildFile; fileRef = 864296B62A75DCDD0009C217 /* VideoReviewViewController.swift */; };
		864296B92A75DCF00009C217 /* VideoLibraryViewController.swift in Sources */ = {isa = PBXBuildFile; fileRef = 864296B82A75DCF00009C217 /* VideoLibraryViewController.swift */; };
		864296BB2A7731A10009C217 /* CreateAccountViewController.swift in Sources */ = {isa = PBXBuildFile; fileRef = 864296BA2A7731A10009C217 /* CreateAccountViewController.swift */; };
		864296BD2A7731B50009C217 /* DashboardViewController.swift in Sources */ = {isa = PBXBuildFile; fileRef = 864296BC2A7731B50009C217 /* DashboardViewController.swift */; };
		864296BF2A796B030009C217 /* DatabaseManager.swift in Sources */ = {isa = PBXBuildFile; fileRef = 864296BE2A796B030009C217 /* DatabaseManager.swift */; };
		864296C12A79EB7F0009C217 /* ForgotPasswordViewController.swift in Sources */ = {isa = PBXBuildFile; fileRef = 864296C02A79EB7F0009C217 /* ForgotPasswordViewController.swift */; };
		866F3D5A2AB0CB1C00D0F1BB /* CalendarCell.swift in Sources */ = {isa = PBXBuildFile; fileRef = 866F3D592AB0CB1C00D0F1BB /* CalendarCell.swift */; };
		866F3D5C2AB0CDEC00D0F1BB /* CalendarHelper.swift in Sources */ = {isa = PBXBuildFile; fileRef = 866F3D5B2AB0CDEC00D0F1BB /* CalendarHelper.swift */; };
		867953622A96BCCC005EDC1B /* CustomVideoCell.swift in Sources */ = {isa = PBXBuildFile; fileRef = 867953612A96BCCC005EDC1B /* CustomVideoCell.swift */; };
		86A474C02A98120800DB4402 /* CutomVideoCollectionCell.swift in Sources */ = {isa = PBXBuildFile; fileRef = 86A474BF2A98120800DB4402 /* CutomVideoCollectionCell.swift */; };
		86ACED4B2A71CECD001D13FA /* AppDelegate.swift in Sources */ = {isa = PBXBuildFile; fileRef = 86ACED4A2A71CECD001D13FA /* AppDelegate.swift */; };
		86ACED4D2A71CECD001D13FA /* SceneDelegate.swift in Sources */ = {isa = PBXBuildFile; fileRef = 86ACED4C2A71CECD001D13FA /* SceneDelegate.swift */; };
		86ACED4F2A71CECD001D13FA /* ViewController.swift in Sources */ = {isa = PBXBuildFile; fileRef = 86ACED4E2A71CECD001D13FA /* ViewController.swift */; };
		86ACED542A71CECF001D13FA /* Assets.xcassets in Resources */ = {isa = PBXBuildFile; fileRef = 86ACED532A71CECF001D13FA /* Assets.xcassets */; };
		86ACED602A71CF0F001D13FA /* PostgresClientKit in Frameworks */ = {isa = PBXBuildFile; productRef = 86ACED5F2A71CF0F001D13FA /* PostgresClientKit */; };
		86B186082AA79AAC002208C0 /* VideoManagerViewController.swift in Sources */ = {isa = PBXBuildFile; fileRef = 86B186072AA79AAC002208C0 /* VideoManagerViewController.swift */; };
		86B1860A2AA79ABB002208C0 /* TaskManagerViewController.swift in Sources */ = {isa = PBXBuildFile; fileRef = 86B186092AA79ABB002208C0 /* TaskManagerViewController.swift */; };
		86B69F162AA183D00049CB5D /* CustomTaskCollectionCell.swift in Sources */ = {isa = PBXBuildFile; fileRef = 86B69F152AA183D00049CB5D /* CustomTaskCollectionCell.swift */; };
		86B9CEBA2AAA49ED00CEDFAC /* HyperlinkString.swift in Sources */ = {isa = PBXBuildFile; fileRef = 86B9CEB92AAA49ED00CEDFAC /* HyperlinkString.swift */; };
		86E692482A813F780057BE47 /* SelectedVideo.swift in Sources */ = {isa = PBXBuildFile; fileRef = 86E692472A813F780057BE47 /* SelectedVideo.swift */; };
/* End PBXBuildFile section */

/* Begin PBXFileReference section */
		8633C8532A7F1EE600E2652A /* CurrentUser.swift */ = {isa = PBXFileReference; lastKnownFileType = sourcecode.swift; path = CurrentUser.swift; sourceTree = "<group>"; };
		8633C8552A7F249800E2652A /* VideoMasterDocViewController.swift */ = {isa = PBXFileReference; lastKnownFileType = sourcecode.swift; path = VideoMasterDocViewController.swift; sourceTree = "<group>"; };
		8642969E2A71CF560009C217 /* Model.swift */ = {isa = PBXFileReference; lastKnownFileType = sourcecode.swift; path = Model.swift; sourceTree = "<group>"; };
		864296A02A71CF8B0009C217 /* Environment.json */ = {isa = PBXFileReference; lastKnownFileType = text.json; path = Environment.json; sourceTree = "<group>"; };
		864296A22A71CF9D0009C217 /* Environment.swift */ = {isa = PBXFileReference; lastKnownFileType = sourcecode.swift; path = Environment.swift; sourceTree = "<group>"; };
		864296AB2A71EA060009C217 /* Base */ = {isa = PBXFileReference; lastKnownFileType = file.storyboard; name = Base; path = DevTeamAppV2/Base.lproj/Main.storyboard; sourceTree = "<group>"; };
		864296AD2A71EA060009C217 /* Base */ = {isa = PBXFileReference; lastKnownFileType = file.storyboard; name = Base; path = DevTeamAppV2/Base.lproj/LaunchScreen.storyboard; sourceTree = "<group>"; };
		864296B02A756AF00009C217 /* TeamViewController.swift */ = {isa = PBXFileReference; lastKnownFileType = sourcecode.swift; path = TeamViewController.swift; sourceTree = "<group>"; };
		864296B22A75DCC00009C217 /* UpcomingVideoViewController.swift */ = {isa = PBXFileReference; lastKnownFileType = sourcecode.swift; path = UpcomingVideoViewController.swift; sourceTree = "<group>"; };
		864296B42A75DCD10009C217 /* AddVideoViewController.swift */ = {isa = PBXFileReference; lastKnownFileType = sourcecode.swift; path = AddVideoViewController.swift; sourceTree = "<group>"; };
		864296B62A75DCDD0009C217 /* VideoReviewViewController.swift */ = {isa = PBXFileReference; lastKnownFileType = sourcecode.swift; path = VideoReviewViewController.swift; sourceTree = "<group>"; };
		864296B82A75DCF00009C217 /* VideoLibraryViewController.swift */ = {isa = PBXFileReference; lastKnownFileType = sourcecode.swift; path = VideoLibraryViewController.swift; sourceTree = "<group>"; };
		864296BA2A7731A10009C217 /* CreateAccountViewController.swift */ = {isa = PBXFileReference; lastKnownFileType = sourcecode.swift; path = CreateAccountViewController.swift; sourceTree = "<group>"; };
		864296BC2A7731B50009C217 /* DashboardViewController.swift */ = {isa = PBXFileReference; lastKnownFileType = sourcecode.swift; path = DashboardViewController.swift; sourceTree = "<group>"; };
		864296BE2A796B030009C217 /* DatabaseManager.swift */ = {isa = PBXFileReference; lastKnownFileType = sourcecode.swift; path = DatabaseManager.swift; sourceTree = "<group>"; };
		864296C02A79EB7F0009C217 /* ForgotPasswordViewController.swift */ = {isa = PBXFileReference; lastKnownFileType = sourcecode.swift; path = ForgotPasswordViewController.swift; sourceTree = "<group>"; };
		866F3D592AB0CB1C00D0F1BB /* CalendarCell.swift */ = {isa = PBXFileReference; lastKnownFileType = sourcecode.swift; path = CalendarCell.swift; sourceTree = "<group>"; };
		866F3D5B2AB0CDEC00D0F1BB /* CalendarHelper.swift */ = {isa = PBXFileReference; lastKnownFileType = sourcecode.swift; path = CalendarHelper.swift; sourceTree = "<group>"; };
		867953612A96BCCC005EDC1B /* CustomVideoCell.swift */ = {isa = PBXFileReference; lastKnownFileType = sourcecode.swift; path = CustomVideoCell.swift; sourceTree = "<group>"; };
		86A474BF2A98120800DB4402 /* CutomVideoCollectionCell.swift */ = {isa = PBXFileReference; lastKnownFileType = sourcecode.swift; path = CutomVideoCollectionCell.swift; sourceTree = "<group>"; };
		86ACED472A71CECD001D13FA /* DevTeamAppV2.app */ = {isa = PBXFileReference; explicitFileType = wrapper.application; includeInIndex = 0; path = DevTeamAppV2.app; sourceTree = BUILT_PRODUCTS_DIR; };
		86ACED4A2A71CECD001D13FA /* AppDelegate.swift */ = {isa = PBXFileReference; lastKnownFileType = sourcecode.swift; path = AppDelegate.swift; sourceTree = "<group>"; };
		86ACED4C2A71CECD001D13FA /* SceneDelegate.swift */ = {isa = PBXFileReference; lastKnownFileType = sourcecode.swift; path = SceneDelegate.swift; sourceTree = "<group>"; };
		86ACED4E2A71CECD001D13FA /* ViewController.swift */ = {isa = PBXFileReference; lastKnownFileType = sourcecode.swift; path = ViewController.swift; sourceTree = "<group>"; };
		86ACED532A71CECF001D13FA /* Assets.xcassets */ = {isa = PBXFileReference; lastKnownFileType = folder.assetcatalog; path = Assets.xcassets; sourceTree = "<group>"; };
		86ACED582A71CECF001D13FA /* Info.plist */ = {isa = PBXFileReference; lastKnownFileType = text.plist.xml; path = Info.plist; sourceTree = "<group>"; };
		86B186072AA79AAC002208C0 /* VideoManagerViewController.swift */ = {isa = PBXFileReference; lastKnownFileType = sourcecode.swift; path = VideoManagerViewController.swift; sourceTree = "<group>"; };
		86B186092AA79ABB002208C0 /* TaskManagerViewController.swift */ = {isa = PBXFileReference; lastKnownFileType = sourcecode.swift; path = TaskManagerViewController.swift; sourceTree = "<group>"; };
		86B69F152AA183D00049CB5D /* CustomTaskCollectionCell.swift */ = {isa = PBXFileReference; lastKnownFileType = sourcecode.swift; path = CustomTaskCollectionCell.swift; sourceTree = "<group>"; };
		86B9CEB92AAA49ED00CEDFAC /* HyperlinkString.swift */ = {isa = PBXFileReference; lastKnownFileType = sourcecode.swift; path = HyperlinkString.swift; sourceTree = "<group>"; };
		86B9CEBB2AAA797000CEDFAC /* Objc-Bridge-Header.h */ = {isa = PBXFileReference; lastKnownFileType = sourcecode.c.h; path = "Objc-Bridge-Header.h"; sourceTree = "<group>"; };
		86E692472A813F780057BE47 /* SelectedVideo.swift */ = {isa = PBXFileReference; lastKnownFileType = sourcecode.swift; path = SelectedVideo.swift; sourceTree = "<group>"; };
/* End PBXFileReference section */

/* Begin PBXFrameworksBuildPhase section */
		86ACED442A71CECD001D13FA /* Frameworks */ = {
			isa = PBXFrameworksBuildPhase;
			buildActionMask = 2147483647;
			files = (
				86ACED602A71CF0F001D13FA /* PostgresClientKit in Frameworks */,
			);
			runOnlyForDeploymentPostprocessing = 0;
		};
/* End PBXFrameworksBuildPhase section */

/* Begin PBXGroup section */
		86ACED3E2A71CECD001D13FA = {
			isa = PBXGroup;
			children = (
				86ACED492A71CECD001D13FA /* DevTeamAppV2 */,
				86ACED482A71CECD001D13FA /* Products */,
			);
			sourceTree = "<group>";
		};
		86ACED482A71CECD001D13FA /* Products */ = {
			isa = PBXGroup;
			children = (
				86ACED472A71CECD001D13FA /* DevTeamAppV2.app */,
			);
			name = Products;
			sourceTree = "<group>";
		};
		86ACED492A71CECD001D13FA /* DevTeamAppV2 */ = {
			isa = PBXGroup;
			children = (
				864296A02A71CF8B0009C217 /* Environment.json */,
				86ACED582A71CECF001D13FA /* Info.plist */,
				864296A22A71CF9D0009C217 /* Environment.swift */,
				86ACED4A2A71CECD001D13FA /* AppDelegate.swift */,
				8642969E2A71CF560009C217 /* Model.swift */,
				86ACED4C2A71CECD001D13FA /* SceneDelegate.swift */,
				86ACED4E2A71CECD001D13FA /* ViewController.swift */,
				864296C02A79EB7F0009C217 /* ForgotPasswordViewController.swift */,
				864296BA2A7731A10009C217 /* CreateAccountViewController.swift */,
				864296BC2A7731B50009C217 /* DashboardViewController.swift */,
				864296B22A75DCC00009C217 /* UpcomingVideoViewController.swift */,
				864296B02A756AF00009C217 /* TeamViewController.swift */,
				864296B42A75DCD10009C217 /* AddVideoViewController.swift */,
				864296B62A75DCDD0009C217 /* VideoReviewViewController.swift */,
				864296B82A75DCF00009C217 /* VideoLibraryViewController.swift */,
				8633C8552A7F249800E2652A /* VideoMasterDocViewController.swift */,
				86ACED532A71CECF001D13FA /* Assets.xcassets */,
				864296AC2A71EA060009C217 /* LaunchScreen.storyboard */,
				864296AA2A71EA060009C217 /* Main.storyboard */,
				864296BE2A796B030009C217 /* DatabaseManager.swift */,
				8633C8532A7F1EE600E2652A /* CurrentUser.swift */,
				86E692472A813F780057BE47 /* SelectedVideo.swift */,
				867953612A96BCCC005EDC1B /* CustomVideoCell.swift */,
				86A474BF2A98120800DB4402 /* CutomVideoCollectionCell.swift */,
				86B69F152AA183D00049CB5D /* CustomTaskCollectionCell.swift */,
				86B186072AA79AAC002208C0 /* VideoManagerViewController.swift */,
				86B186092AA79ABB002208C0 /* TaskManagerViewController.swift */,
				86B9CEB92AAA49ED00CEDFAC /* HyperlinkString.swift */,
				86B9CEBB2AAA797000CEDFAC /* Objc-Bridge-Header.h */,
				866F3D592AB0CB1C00D0F1BB /* CalendarCell.swift */,
				866F3D5B2AB0CDEC00D0F1BB /* CalendarHelper.swift */,
			);
			path = DevTeamAppV2;
			sourceTree = "<group>";
		};
/* End PBXGroup section */

/* Begin PBXNativeTarget section */
		86ACED462A71CECD001D13FA /* DevTeamAppV2 */ = {
			isa = PBXNativeTarget;
			buildConfigurationList = 86ACED5B2A71CECF001D13FA /* Build configuration list for PBXNativeTarget "DevTeamAppV2" */;
			buildPhases = (
				86ACED432A71CECD001D13FA /* Sources */,
				86ACED442A71CECD001D13FA /* Frameworks */,
				86ACED452A71CECD001D13FA /* Resources */,
			);
			buildRules = (
			);
			dependencies = (
			);
			name = DevTeamAppV2;
			packageProductDependencies = (
				86ACED5F2A71CF0F001D13FA /* PostgresClientKit */,
			);
			productName = DevTeamAppV2;
			productReference = 86ACED472A71CECD001D13FA /* DevTeamAppV2.app */;
			productType = "com.apple.product-type.application";
		};
/* End PBXNativeTarget section */

/* Begin PBXProject section */
		86ACED3F2A71CECD001D13FA /* Project object */ = {
			isa = PBXProject;
			attributes = {
				BuildIndependentTargetsInParallel = 1;
				LastSwiftUpdateCheck = 1430;
				LastUpgradeCheck = 1430;
				TargetAttributes = {
					86ACED462A71CECD001D13FA = {
						CreatedOnToolsVersion = 14.3.1;
					};
				};
			};
			buildConfigurationList = 86ACED422A71CECD001D13FA /* Build configuration list for PBXProject "DevTeamAppV2" */;
			compatibilityVersion = "Xcode 14.0";
			developmentRegion = en;
			hasScannedForEncodings = 0;
			knownRegions = (
				en,
				Base,
			);
			mainGroup = 86ACED3E2A71CECD001D13FA;
			packageReferences = (
				86ACED5E2A71CF0F001D13FA /* XCRemoteSwiftPackageReference "PostgresClientKit" */,
			);
			productRefGroup = 86ACED482A71CECD001D13FA /* Products */;
			projectDirPath = "";
			projectRoot = "";
			targets = (
				86ACED462A71CECD001D13FA /* DevTeamAppV2 */,
			);
		};
/* End PBXProject section */

/* Begin PBXResourcesBuildPhase section */
		86ACED452A71CECD001D13FA /* Resources */ = {
			isa = PBXResourcesBuildPhase;
			buildActionMask = 2147483647;
			files = (
				864296AE2A71EA060009C217 /* Main.storyboard in Resources */,
				864296AF2A71EA060009C217 /* LaunchScreen.storyboard in Resources */,
				864296A12A71CF8B0009C217 /* Environment.json in Resources */,
				86ACED542A71CECF001D13FA /* Assets.xcassets in Resources */,
			);
			runOnlyForDeploymentPostprocessing = 0;
		};
/* End PBXResourcesBuildPhase section */

/* Begin PBXSourcesBuildPhase section */
		86ACED432A71CECD001D13FA /* Sources */ = {
			isa = PBXSourcesBuildPhase;
			buildActionMask = 2147483647;
			files = (
				86ACED4F2A71CECD001D13FA /* ViewController.swift in Sources */,
				864296B12A756AF00009C217 /* TeamViewController.swift in Sources */,
				864296BF2A796B030009C217 /* DatabaseManager.swift in Sources */,
				864296B32A75DCC00009C217 /* UpcomingVideoViewController.swift in Sources */,
				864296BB2A7731A10009C217 /* CreateAccountViewController.swift in Sources */,
				866F3D5C2AB0CDEC00D0F1BB /* CalendarHelper.swift in Sources */,
				86ACED4B2A71CECD001D13FA /* AppDelegate.swift in Sources */,
				86B186082AA79AAC002208C0 /* VideoManagerViewController.swift in Sources */,
				866F3D5A2AB0CB1C00D0F1BB /* CalendarCell.swift in Sources */,
				864296B72A75DCDD0009C217 /* VideoReviewViewController.swift in Sources */,
				86B69F162AA183D00049CB5D /* CustomTaskCollectionCell.swift in Sources */,
				86B9CEBA2AAA49ED00CEDFAC /* HyperlinkString.swift in Sources */,
				86ACED4D2A71CECD001D13FA /* SceneDelegate.swift in Sources */,
				86A474C02A98120800DB4402 /* CutomVideoCollectionCell.swift in Sources */,
				8633C8562A7F249800E2652A /* VideoMasterDocViewController.swift in Sources */,
				86E692482A813F780057BE47 /* SelectedVideo.swift in Sources */,
				86B1860A2AA79ABB002208C0 /* TaskManagerViewController.swift in Sources */,
				864296C12A79EB7F0009C217 /* ForgotPasswordViewController.swift in Sources */,
				864296BD2A7731B50009C217 /* DashboardViewController.swift in Sources */,
				867953622A96BCCC005EDC1B /* CustomVideoCell.swift in Sources */,
				8633C8542A7F1EE600E2652A /* CurrentUser.swift in Sources */,
				864296B92A75DCF00009C217 /* VideoLibraryViewController.swift in Sources */,
				8642969F2A71CF560009C217 /* Model.swift in Sources */,
				864296B52A75DCD10009C217 /* AddVideoViewController.swift in Sources */,
				864296A32A71CF9D0009C217 /* Environment.swift in Sources */,
			);
			runOnlyForDeploymentPostprocessing = 0;
		};
/* End PBXSourcesBuildPhase section */

/* Begin PBXVariantGroup section */
		864296AA2A71EA060009C217 /* Main.storyboard */ = {
			isa = PBXVariantGroup;
			children = (
				864296AB2A71EA060009C217 /* Base */,
			);
			name = Main.storyboard;
			sourceTree = "<group>";
		};
		864296AC2A71EA060009C217 /* LaunchScreen.storyboard */ = {
			isa = PBXVariantGroup;
			children = (
				864296AD2A71EA060009C217 /* Base */,
			);
			name = LaunchScreen.storyboard;
			sourceTree = "<group>";
		};
/* End PBXVariantGroup section */

/* Begin XCBuildConfiguration section */
		86ACED592A71CECF001D13FA /* Debug */ = {
			isa = XCBuildConfiguration;
			buildSettings = {
				ALWAYS_SEARCH_USER_PATHS = NO;
				CLANG_ANALYZER_NONNULL = YES;
				CLANG_ANALYZER_NUMBER_OBJECT_CONVERSION = YES_AGGRESSIVE;
				CLANG_CXX_LANGUAGE_STANDARD = "gnu++20";
				CLANG_ENABLE_MODULES = YES;
				CLANG_ENABLE_OBJC_ARC = YES;
				CLANG_ENABLE_OBJC_WEAK = YES;
				CLANG_WARN_BLOCK_CAPTURE_AUTORELEASING = YES;
				CLANG_WARN_BOOL_CONVERSION = YES;
				CLANG_WARN_COMMA = YES;
				CLANG_WARN_CONSTANT_CONVERSION = YES;
				CLANG_WARN_DEPRECATED_OBJC_IMPLEMENTATIONS = YES;
				CLANG_WARN_DIRECT_OBJC_ISA_USAGE = YES_ERROR;
				CLANG_WARN_DOCUMENTATION_COMMENTS = YES;
				CLANG_WARN_EMPTY_BODY = YES;
				CLANG_WARN_ENUM_CONVERSION = YES;
				CLANG_WARN_INFINITE_RECURSION = YES;
				CLANG_WARN_INT_CONVERSION = YES;
				CLANG_WARN_NON_LITERAL_NULL_CONVERSION = YES;
				CLANG_WARN_OBJC_IMPLICIT_RETAIN_SELF = YES;
				CLANG_WARN_OBJC_LITERAL_CONVERSION = YES;
				CLANG_WARN_OBJC_ROOT_CLASS = YES_ERROR;
				CLANG_WARN_QUOTED_INCLUDE_IN_FRAMEWORK_HEADER = YES;
				CLANG_WARN_RANGE_LOOP_ANALYSIS = YES;
				CLANG_WARN_STRICT_PROTOTYPES = YES;
				CLANG_WARN_SUSPICIOUS_MOVE = YES;
				CLANG_WARN_UNGUARDED_AVAILABILITY = YES_AGGRESSIVE;
				CLANG_WARN_UNREACHABLE_CODE = YES;
				CLANG_WARN__DUPLICATE_METHOD_MATCH = YES;
				COPY_PHASE_STRIP = NO;
				DEBUG_INFORMATION_FORMAT = dwarf;
				ENABLE_STRICT_OBJC_MSGSEND = YES;
				ENABLE_TESTABILITY = YES;
				GCC_C_LANGUAGE_STANDARD = gnu11;
				GCC_DYNAMIC_NO_PIC = NO;
				GCC_NO_COMMON_BLOCKS = YES;
				GCC_OPTIMIZATION_LEVEL = 0;
				GCC_PREPROCESSOR_DEFINITIONS = (
					"DEBUG=1",
					"$(inherited)",
				);
				GCC_WARN_64_TO_32_BIT_CONVERSION = YES;
				GCC_WARN_ABOUT_RETURN_TYPE = YES_ERROR;
				GCC_WARN_UNDECLARED_SELECTOR = YES;
				GCC_WARN_UNINITIALIZED_AUTOS = YES_AGGRESSIVE;
				GCC_WARN_UNUSED_FUNCTION = YES;
				GCC_WARN_UNUSED_VARIABLE = YES;
				IPHONEOS_DEPLOYMENT_TARGET = 16.4;
				MTL_ENABLE_DEBUG_INFO = INCLUDE_SOURCE;
				MTL_FAST_MATH = YES;
				ONLY_ACTIVE_ARCH = YES;
				SDKROOT = iphoneos;
				SWIFT_ACTIVE_COMPILATION_CONDITIONS = DEBUG;
				SWIFT_OPTIMIZATION_LEVEL = "-Onone";
			};
			name = Debug;
		};
		86ACED5A2A71CECF001D13FA /* Release */ = {
			isa = XCBuildConfiguration;
			buildSettings = {
				ALWAYS_SEARCH_USER_PATHS = NO;
				CLANG_ANALYZER_NONNULL = YES;
				CLANG_ANALYZER_NUMBER_OBJECT_CONVERSION = YES_AGGRESSIVE;
				CLANG_CXX_LANGUAGE_STANDARD = "gnu++20";
				CLANG_ENABLE_MODULES = YES;
				CLANG_ENABLE_OBJC_ARC = YES;
				CLANG_ENABLE_OBJC_WEAK = YES;
				CLANG_WARN_BLOCK_CAPTURE_AUTORELEASING = YES;
				CLANG_WARN_BOOL_CONVERSION = YES;
				CLANG_WARN_COMMA = YES;
				CLANG_WARN_CONSTANT_CONVERSION = YES;
				CLANG_WARN_DEPRECATED_OBJC_IMPLEMENTATIONS = YES;
				CLANG_WARN_DIRECT_OBJC_ISA_USAGE = YES_ERROR;
				CLANG_WARN_DOCUMENTATION_COMMENTS = YES;
				CLANG_WARN_EMPTY_BODY = YES;
				CLANG_WARN_ENUM_CONVERSION = YES;
				CLANG_WARN_INFINITE_RECURSION = YES;
				CLANG_WARN_INT_CONVERSION = YES;
				CLANG_WARN_NON_LITERAL_NULL_CONVERSION = YES;
				CLANG_WARN_OBJC_IMPLICIT_RETAIN_SELF = YES;
				CLANG_WARN_OBJC_LITERAL_CONVERSION = YES;
				CLANG_WARN_OBJC_ROOT_CLASS = YES_ERROR;
				CLANG_WARN_QUOTED_INCLUDE_IN_FRAMEWORK_HEADER = YES;
				CLANG_WARN_RANGE_LOOP_ANALYSIS = YES;
				CLANG_WARN_STRICT_PROTOTYPES = YES;
				CLANG_WARN_SUSPICIOUS_MOVE = YES;
				CLANG_WARN_UNGUARDED_AVAILABILITY = YES_AGGRESSIVE;
				CLANG_WARN_UNREACHABLE_CODE = YES;
				CLANG_WARN__DUPLICATE_METHOD_MATCH = YES;
				COPY_PHASE_STRIP = NO;
				DEBUG_INFORMATION_FORMAT = "dwarf-with-dsym";
				ENABLE_NS_ASSERTIONS = NO;
				ENABLE_STRICT_OBJC_MSGSEND = YES;
				ENABLE_TESTABILITY = NO;
				GCC_C_LANGUAGE_STANDARD = gnu11;
				GCC_NO_COMMON_BLOCKS = YES;
				GCC_WARN_64_TO_32_BIT_CONVERSION = YES;
				GCC_WARN_ABOUT_RETURN_TYPE = YES_ERROR;
				GCC_WARN_UNDECLARED_SELECTOR = YES;
				GCC_WARN_UNINITIALIZED_AUTOS = YES_AGGRESSIVE;
				GCC_WARN_UNUSED_FUNCTION = YES;
				GCC_WARN_UNUSED_VARIABLE = YES;
				IPHONEOS_DEPLOYMENT_TARGET = 16.4;
				MTL_ENABLE_DEBUG_INFO = NO;
				MTL_FAST_MATH = YES;
				ONLY_ACTIVE_ARCH = NO;
				SDKROOT = iphoneos;
				SWIFT_COMPILATION_MODE = wholemodule;
				SWIFT_OPTIMIZATION_LEVEL = "-O";
				VALIDATE_PRODUCT = YES;
			};
			name = Release;
		};
		86ACED5C2A71CECF001D13FA /* Debug */ = {
			isa = XCBuildConfiguration;
			buildSettings = {
				ASSETCATALOG_COMPILER_APPICON_NAME = AppIcon;
				ASSETCATALOG_COMPILER_GLOBAL_ACCENT_COLOR_NAME = AccentColor;
				CODE_SIGN_IDENTITY = "Apple Development";
				CODE_SIGN_STYLE = Automatic;
				CURRENT_PROJECT_VERSION = 1;
				DEVELOPMENT_TEAM = HBY5456X59;
				GENERATE_INFOPLIST_FILE = YES;
				INFOPLIST_FILE = DevTeamAppV2/Info.plist;
				INFOPLIST_KEY_UIApplicationSupportsIndirectInputEvents = YES;
				INFOPLIST_KEY_UILaunchStoryboardName = LaunchScreen;
				INFOPLIST_KEY_UIMainStoryboardFile = Main;
				INFOPLIST_KEY_UISupportedInterfaceOrientations_iPad = "UIInterfaceOrientationPortrait UIInterfaceOrientationPortraitUpsideDown UIInterfaceOrientationLandscapeLeft UIInterfaceOrientationLandscapeRight";
				INFOPLIST_KEY_UISupportedInterfaceOrientations_iPhone = "UIInterfaceOrientationPortrait UIInterfaceOrientationLandscapeLeft UIInterfaceOrientationLandscapeRight";
				LD_RUNPATH_SEARCH_PATHS = (
					"$(inherited)",
					"@executable_path/Frameworks",
				);
				MARKETING_VERSION = 1.0;
				PRODUCT_BUNDLE_IDENTIFIER = "app-contractor.DevTeamAppV2";
				PRODUCT_NAME = "$(TARGET_NAME)";
				PROVISIONING_PROFILE_SPECIFIER = "";
				SWIFT_EMIT_LOC_STRINGS = YES;
				SWIFT_VERSION = 5.0;
				TARGETED_DEVICE_FAMILY = "1,2";
			};
			name = Debug;
		};
		86ACED5D2A71CECF001D13FA /* Release */ = {
			isa = XCBuildConfiguration;
			buildSettings = {
				ASSETCATALOG_COMPILER_APPICON_NAME = AppIcon;
				ASSETCATALOG_COMPILER_GLOBAL_ACCENT_COLOR_NAME = AccentColor;
				CODE_SIGN_IDENTITY = "Apple Development";
				CODE_SIGN_STYLE = Automatic;
				CURRENT_PROJECT_VERSION = 1;
				DEVELOPMENT_TEAM = HBY5456X59;
				GENERATE_INFOPLIST_FILE = YES;
				INFOPLIST_FILE = DevTeamAppV2/Info.plist;
				INFOPLIST_KEY_UIApplicationSupportsIndirectInputEvents = YES;
				INFOPLIST_KEY_UILaunchStoryboardName = LaunchScreen;
				INFOPLIST_KEY_UIMainStoryboardFile = Main;
				INFOPLIST_KEY_UISupportedInterfaceOrientations_iPad = "UIInterfaceOrientationPortrait UIInterfaceOrientationPortraitUpsideDown UIInterfaceOrientationLandscapeLeft UIInterfaceOrientationLandscapeRight";
				INFOPLIST_KEY_UISupportedInterfaceOrientations_iPhone = "UIInterfaceOrientationPortrait UIInterfaceOrientationLandscapeLeft UIInterfaceOrientationLandscapeRight";
				LD_RUNPATH_SEARCH_PATHS = (
					"$(inherited)",
					"@executable_path/Frameworks",
				);
				MARKETING_VERSION = 1.0;
				PRODUCT_BUNDLE_IDENTIFIER = "app-contractor.DevTeamAppV2";
				PRODUCT_NAME = "$(TARGET_NAME)";
				PROVISIONING_PROFILE_SPECIFIER = "";
				SWIFT_EMIT_LOC_STRINGS = YES;
				SWIFT_VERSION = 5.0;
				TARGETED_DEVICE_FAMILY = "1,2";
			};
			name = Release;
		};
/* End XCBuildConfiguration section */

/* Begin XCConfigurationList section */
		86ACED422A71CECD001D13FA /* Build configuration list for PBXProject "DevTeamAppV2" */ = {
			isa = XCConfigurationList;
			buildConfigurations = (
				86ACED592A71CECF001D13FA /* Debug */,
				86ACED5A2A71CECF001D13FA /* Release */,
			);
			defaultConfigurationIsVisible = 0;
			defaultConfigurationName = Release;
		};
		86ACED5B2A71CECF001D13FA /* Build configuration list for PBXNativeTarget "DevTeamAppV2" */ = {
			isa = XCConfigurationList;
			buildConfigurations = (
				86ACED5C2A71CECF001D13FA /* Debug */,
				86ACED5D2A71CECF001D13FA /* Release */,
			);
			defaultConfigurationIsVisible = 0;
			defaultConfigurationName = Release;
		};
/* End XCConfigurationList section */

/* Begin XCRemoteSwiftPackageReference section */
		86ACED5E2A71CF0F001D13FA /* XCRemoteSwiftPackageReference "PostgresClientKit" */ = {
			isa = XCRemoteSwiftPackageReference;
			repositoryURL = "https://github.com/codewinsdotcom/PostgresClientKit";
			requirement = {
				branch = master;
				kind = branch;
			};
		};
/* End XCRemoteSwiftPackageReference section */

/* Begin XCSwiftPackageProductDependency section */
		86ACED5F2A71CF0F001D13FA /* PostgresClientKit */ = {
			isa = XCSwiftPackageProductDependency;
			package = 86ACED5E2A71CF0F001D13FA /* XCRemoteSwiftPackageReference "PostgresClientKit" */;
			productName = PostgresClientKit;
		};
/* End XCSwiftPackageProductDependency section */
	};
	rootObject = 86ACED3F2A71CECD001D13FA /* Project object */;
}
